
Microsoft Visual Studio Solution File, Format Version 12.00
# Visual Studio Version 17
VisualStudioVersion = 17.0.32112.339
MinimumVisualStudioVersion = 10.0.40219.1
Project("{FAE04EC0-301F-11D3-BF4B-00C04F79EFBC}") = "miniraknare-Laboration2", "miniraknare-Laboration2\miniraknare-Laboration2.csproj", "{A795C349-DDA7-43AF-920E-FE7D45970444}"
EndProject
Global
	GlobalSection(SolutionConfigurationPlatforms) = preSolution
		Debug|Any CPU = Debug|Any CPU
		Release|Any CPU = Release|Any CPU
	EndGlobalSection
	GlobalSection(ProjectConfigurationPlatforms) = postSolution
		{A795C349-DDA7-43AF-920E-FE7D45970444}.Debug|Any CPU.ActiveCfg = Debug|Any CPU
		{A795C349-DDA7-43AF-920E-FE7D45970444}.Debug|Any CPU.Build.0 = Debug|Any CPU
		{A795C349-DDA7-43AF-920E-FE7D45970444}.Release|Any CPU.ActiveCfg = Release|Any CPU
		{A795C349-DDA7-43AF-920E-FE7D45970444}.Release|Any CPU.Build.0 = Release|Any CPU
	EndGlobalSection
	GlobalSection(SolutionProperties) = preSolution
		HideSolutionNode = FALSE
	EndGlobalSection
	GlobalSection(ExtensibilityGlobals) = postSolution
		SolutionGuid = {76EC46B6-56DD-4754-8BA9-E948FC3714E2}
	EndGlobalSection
EndGlobal
